{
  "requires": true,
  "lockfileVersion": 1,
  "dependencies": {
    "vue": {
      "version": "2.5.11",
      "resolved": "https://registry.npmjs.org/vue/-/vue-2.5.11.tgz",
      "integrity": "sha512-FZzUIvJa1jsFSfy6OITgjzoCtnxI8uHkewa2QCCCIgRj7ObsalXKLTf3S5sBP+kyusTctl3fKej+NHoBUCVPlA=="
    }
  }
}
